
Microsoft Visual Studio Solution File, Format Version 12.00
# Visual Studio Version 17
VisualStudioVersion = 17.14.36511.14
MinimumVisualStudioVersion = 10.0.40219.1
Project("{FAE04EC0-301F-11D3-BF4B-00C04F79EFBC}") = "Lector", "Lector\Lector.csproj", "{4D4CDDC4-79F0-4386-8B2D-F5B66C6E1406}"
EndProject
Project("{FAE04EC0-301F-11D3-BF4B-00C04F79EFBC}") = "Mediator", "Mediator\Mediator.csproj", "{80AE2CCF-CDA4-4A15-AAE5-4F7842D2B796}"
EndProject
Project("{2150E333-8FDC-42A3-9474-1A3956D46DE8}") = "Projektmappenelemente", "Projektmappenelemente", "{84D27F74-D2BA-6C25-2661-968F101900D9}"
	ProjectSection(SolutionItems) = preProject
		.gitattributes = .gitattributes
		.gitignore = .gitignore
		LICENSE = LICENSE
		README.md = README.md
		Todo.txt = Todo.txt
	EndProjectSection
EndProject
Project("{FAE04EC0-301F-11D3-BF4B-00C04F79EFBC}") = "CoreBuilder", "CoreBuilder\CoreBuilder.csproj", "{32BCE846-723D-3321-AAB7-99B0E367C12E}"
EndProject
Project("{FAE04EC0-301F-11D3-BF4B-00C04F79EFBC}") = "Weaver", "Weaver\Weaver.csproj", "{C4F5A3E0-C7BB-3413-55AF-A7EA948747F0}"
EndProject
Project("{FAE04EC0-301F-11D3-BF4B-00C04F79EFBC}") = "CoreViewer", "CoreViewer\CoreViewer.csproj", "{68DBB0F3-A08E-4906-3AA0-771E13BD28E2}"
EndProject
Project("{FAE04EC0-301F-11D3-BF4B-00C04F79EFBC}") = "CommonDialogs", "CommonDialogs\CommonDialogs.csproj", "{9EBB121C-4E36-68EC-08D7-7DE8E27D4997}"
EndProject
Project("{FAE04EC0-301F-11D3-BF4B-00C04F79EFBC}") = "ViewModel", "ViewModel\ViewModel.csproj", "{F099EF83-E570-F1A7-D403-3F0F186F11BD}"
EndProject
Global
	GlobalSection(SolutionConfigurationPlatforms) = preSolution
		Debug|Any CPU = Debug|Any CPU
		Release|Any CPU = Release|Any CPU
	EndGlobalSection
	GlobalSection(ProjectConfigurationPlatforms) = postSolution
		{4D4CDDC4-79F0-4386-8B2D-F5B66C6E1406}.Debug|Any CPU.ActiveCfg = Debug|Any CPU
		{4D4CDDC4-79F0-4386-8B2D-F5B66C6E1406}.Debug|Any CPU.Build.0 = Debug|Any CPU
		{4D4CDDC4-79F0-4386-8B2D-F5B66C6E1406}.Release|Any CPU.ActiveCfg = Release|Any CPU
		{4D4CDDC4-79F0-4386-8B2D-F5B66C6E1406}.Release|Any CPU.Build.0 = Release|Any CPU
		{80AE2CCF-CDA4-4A15-AAE5-4F7842D2B796}.Debug|Any CPU.ActiveCfg = Debug|Any CPU
		{80AE2CCF-CDA4-4A15-AAE5-4F7842D2B796}.Debug|Any CPU.Build.0 = Debug|Any CPU
		{80AE2CCF-CDA4-4A15-AAE5-4F7842D2B796}.Release|Any CPU.ActiveCfg = Release|Any CPU
		{80AE2CCF-CDA4-4A15-AAE5-4F7842D2B796}.Release|Any CPU.Build.0 = Release|Any CPU
		{32BCE846-723D-3321-AAB7-99B0E367C12E}.Debug|Any CPU.ActiveCfg = Debug|Any CPU
		{32BCE846-723D-3321-AAB7-99B0E367C12E}.Debug|Any CPU.Build.0 = Debug|Any CPU
		{32BCE846-723D-3321-AAB7-99B0E367C12E}.Release|Any CPU.ActiveCfg = Release|Any CPU
		{32BCE846-723D-3321-AAB7-99B0E367C12E}.Release|Any CPU.Build.0 = Release|Any CPU
		{C4F5A3E0-C7BB-3413-55AF-A7EA948747F0}.Debug|Any CPU.ActiveCfg = Debug|Any CPU
		{C4F5A3E0-C7BB-3413-55AF-A7EA948747F0}.Debug|Any CPU.Build.0 = Debug|Any CPU
		{C4F5A3E0-C7BB-3413-55AF-A7EA948747F0}.Release|Any CPU.ActiveCfg = Release|Any CPU
		{C4F5A3E0-C7BB-3413-55AF-A7EA948747F0}.Release|Any CPU.Build.0 = Release|Any CPU
		{68DBB0F3-A08E-4906-3AA0-771E13BD28E2}.Debug|Any CPU.ActiveCfg = Debug|Any CPU
		{68DBB0F3-A08E-4906-3AA0-771E13BD28E2}.Debug|Any CPU.Build.0 = Debug|Any CPU
		{68DBB0F3-A08E-4906-3AA0-771E13BD28E2}.Release|Any CPU.ActiveCfg = Release|Any CPU
		{68DBB0F3-A08E-4906-3AA0-771E13BD28E2}.Release|Any CPU.Build.0 = Release|Any CPU
		{9EBB121C-4E36-68EC-08D7-7DE8E27D4997}.Debug|Any CPU.ActiveCfg = Debug|Any CPU
		{9EBB121C-4E36-68EC-08D7-7DE8E27D4997}.Debug|Any CPU.Build.0 = Debug|Any CPU
		{9EBB121C-4E36-68EC-08D7-7DE8E27D4997}.Release|Any CPU.ActiveCfg = Release|Any CPU
		{9EBB121C-4E36-68EC-08D7-7DE8E27D4997}.Release|Any CPU.Build.0 = Release|Any CPU
		{F099EF83-E570-F1A7-D403-3F0F186F11BD}.Debug|Any CPU.ActiveCfg = Debug|Any CPU
		{F099EF83-E570-F1A7-D403-3F0F186F11BD}.Debug|Any CPU.Build.0 = Debug|Any CPU
		{F099EF83-E570-F1A7-D403-3F0F186F11BD}.Release|Any CPU.ActiveCfg = Release|Any CPU
		{F099EF83-E570-F1A7-D403-3F0F186F11BD}.Release|Any CPU.Build.0 = Release|Any CPU
	EndGlobalSection
	GlobalSection(SolutionProperties) = preSolution
		HideSolutionNode = FALSE
	EndGlobalSection
	GlobalSection(ExtensibilityGlobals) = postSolution
		SolutionGuid = {56541998-165A-46EA-B294-72296DE571CF}
	EndGlobalSection
EndGlobal
