
Microsoft Visual Studio Solution File, Format Version 12.00
# Visual Studio Version 17
VisualStudioVersion = 17.14.36511.14
MinimumVisualStudioVersion = 10.0.40219.1
Project("{FAE04EC0-301F-11D3-BF4B-00C04F79EFBC}") = "Mediator", "Mediator\Mediator.csproj", "{80AE2CCF-CDA4-4A15-AAE5-4F7842D2B796}"
EndProject
Project("{2150E333-8FDC-42A3-9474-1A3956D46DE8}") = "Projektmappenelemente", "Projektmappenelemente", "{84D27F74-D2BA-6C25-2661-968F101900D9}"
	ProjectSection(SolutionItems) = preProject
		.gitattributes = .gitattributes
		.gitignore = .gitignore
		LICENSE = LICENSE
		README.md = README.md
		Todo.txt = Todo.txt
	EndProjectSection
EndProject
Project("{FAE04EC0-301F-11D3-BF4B-00C04F79EFBC}") = "Weaver", "Weaver\Weaver.csproj", "{C4F5A3E0-C7BB-3413-55AF-A7EA948747F0}"
EndProject
Project("{FAE04EC0-301F-11D3-BF4B-00C04F79EFBC}") = "ViewModel", "ViewModel\ViewModel.csproj", "{F099EF83-E570-F1A7-D403-3F0F186F11BD}"
EndProject
Project("{FAE04EC0-301F-11D3-BF4B-00C04F79EFBC}") = "Loader", "Loader\Loader.csproj", "{04903286-93C3-431B-A89A-29F15C619111}"
EndProject
Project("{FAE04EC0-301F-11D3-BF4B-00C04F79EFBC}") = "Common.Dialogs", "Common.Dialogs\Common.Dialogs.csproj", "{6A2AC793-77D5-7885-D934-7ECDAA21CE78}"
EndProject
Project("{FAE04EC0-301F-11D3-BF4B-00C04F79EFBC}") = "Core.Apps", "Core.Apps\Core.Apps.csproj", "{69A26A8F-227F-B5E2-3715-1F162F2824A0}"
EndProject
Project("{FAE04EC0-301F-11D3-BF4B-00C04F79EFBC}") = "Core.Viewer", "Core.Viewer\Core.Viewer.csproj", "{F1EB803E-48CB-01F7-CCC3-4D1937CB0388}"
EndProject
Project("{FAE04EC0-301F-11D3-BF4B-00C04F79EFBC}") = "Lector", "Lector\Lector.csproj", "{11DD9D7C-260C-1315-1FD7-3DB508FBA352}"
EndProject
Project("{FAE04EC0-301F-11D3-BF4B-00C04F79EFBC}") = "Common.Converter", "Common.Converter\Common.Converter.csproj", "{9F1A22CF-11D9-B519-20C4-5A5557638EEA}"
EndProject
Global
	GlobalSection(SolutionConfigurationPlatforms) = preSolution
		Debug|Any CPU = Debug|Any CPU
		Release|Any CPU = Release|Any CPU
	EndGlobalSection
	GlobalSection(ProjectConfigurationPlatforms) = postSolution
		{80AE2CCF-CDA4-4A15-AAE5-4F7842D2B796}.Debug|Any CPU.ActiveCfg = Debug|Any CPU
		{80AE2CCF-CDA4-4A15-AAE5-4F7842D2B796}.Debug|Any CPU.Build.0 = Debug|Any CPU
		{80AE2CCF-CDA4-4A15-AAE5-4F7842D2B796}.Release|Any CPU.ActiveCfg = Release|Any CPU
		{80AE2CCF-CDA4-4A15-AAE5-4F7842D2B796}.Release|Any CPU.Build.0 = Release|Any CPU
		{C4F5A3E0-C7BB-3413-55AF-A7EA948747F0}.Debug|Any CPU.ActiveCfg = Debug|Any CPU
		{C4F5A3E0-C7BB-3413-55AF-A7EA948747F0}.Debug|Any CPU.Build.0 = Debug|Any CPU
		{C4F5A3E0-C7BB-3413-55AF-A7EA948747F0}.Release|Any CPU.ActiveCfg = Release|Any CPU
		{C4F5A3E0-C7BB-3413-55AF-A7EA948747F0}.Release|Any CPU.Build.0 = Release|Any CPU
		{F099EF83-E570-F1A7-D403-3F0F186F11BD}.Debug|Any CPU.ActiveCfg = Debug|Any CPU
		{F099EF83-E570-F1A7-D403-3F0F186F11BD}.Debug|Any CPU.Build.0 = Debug|Any CPU
		{F099EF83-E570-F1A7-D403-3F0F186F11BD}.Release|Any CPU.ActiveCfg = Release|Any CPU
		{F099EF83-E570-F1A7-D403-3F0F186F11BD}.Release|Any CPU.Build.0 = Release|Any CPU
		{04903286-93C3-431B-A89A-29F15C619111}.Debug|Any CPU.ActiveCfg = Debug|Any CPU
		{04903286-93C3-431B-A89A-29F15C619111}.Debug|Any CPU.Build.0 = Debug|Any CPU
		{04903286-93C3-431B-A89A-29F15C619111}.Release|Any CPU.ActiveCfg = Release|Any CPU
		{04903286-93C3-431B-A89A-29F15C619111}.Release|Any CPU.Build.0 = Release|Any CPU
		{6A2AC793-77D5-7885-D934-7ECDAA21CE78}.Debug|Any CPU.ActiveCfg = Debug|Any CPU
		{6A2AC793-77D5-7885-D934-7ECDAA21CE78}.Debug|Any CPU.Build.0 = Debug|Any CPU
		{6A2AC793-77D5-7885-D934-7ECDAA21CE78}.Release|Any CPU.ActiveCfg = Release|Any CPU
		{6A2AC793-77D5-7885-D934-7ECDAA21CE78}.Release|Any CPU.Build.0 = Release|Any CPU
		{69A26A8F-227F-B5E2-3715-1F162F2824A0}.Debug|Any CPU.ActiveCfg = Debug|Any CPU
		{69A26A8F-227F-B5E2-3715-1F162F2824A0}.Debug|Any CPU.Build.0 = Debug|Any CPU
		{69A26A8F-227F-B5E2-3715-1F162F2824A0}.Release|Any CPU.ActiveCfg = Release|Any CPU
		{69A26A8F-227F-B5E2-3715-1F162F2824A0}.Release|Any CPU.Build.0 = Release|Any CPU
		{F1EB803E-48CB-01F7-CCC3-4D1937CB0388}.Debug|Any CPU.ActiveCfg = Debug|Any CPU
		{F1EB803E-48CB-01F7-CCC3-4D1937CB0388}.Debug|Any CPU.Build.0 = Debug|Any CPU
		{F1EB803E-48CB-01F7-CCC3-4D1937CB0388}.Release|Any CPU.ActiveCfg = Release|Any CPU
		{F1EB803E-48CB-01F7-CCC3-4D1937CB0388}.Release|Any CPU.Build.0 = Release|Any CPU
		{11DD9D7C-260C-1315-1FD7-3DB508FBA352}.Debug|Any CPU.ActiveCfg = Debug|Any CPU
		{11DD9D7C-260C-1315-1FD7-3DB508FBA352}.Debug|Any CPU.Build.0 = Debug|Any CPU
		{11DD9D7C-260C-1315-1FD7-3DB508FBA352}.Release|Any CPU.ActiveCfg = Release|Any CPU
		{11DD9D7C-260C-1315-1FD7-3DB508FBA352}.Release|Any CPU.Build.0 = Release|Any CPU
		{9F1A22CF-11D9-B519-20C4-5A5557638EEA}.Debug|Any CPU.ActiveCfg = Debug|Any CPU
		{9F1A22CF-11D9-B519-20C4-5A5557638EEA}.Debug|Any CPU.Build.0 = Debug|Any CPU
		{9F1A22CF-11D9-B519-20C4-5A5557638EEA}.Release|Any CPU.ActiveCfg = Release|Any CPU
		{9F1A22CF-11D9-B519-20C4-5A5557638EEA}.Release|Any CPU.Build.0 = Release|Any CPU
	EndGlobalSection
	GlobalSection(SolutionProperties) = preSolution
		HideSolutionNode = FALSE
	EndGlobalSection
	GlobalSection(ExtensibilityGlobals) = postSolution
		SolutionGuid = {56541998-165A-46EA-B294-72296DE571CF}
	EndGlobalSection
EndGlobal
